
Microsoft Visual Studio Solution File, Format Version 11.00
# Visual Studio 2010
Project("{8BC9CEB8-8B4A-11D0-8D11-00A0C91BC942}") = "BulletCollision", "Bullet\msvc\vs2010\BulletCollision.vcxproj", "{171F6320-B80F-AF40-ACDD-AD282D795B4C}"
EndProject
Project("{8BC9CEB8-8B4A-11D0-8D11-00A0C91BC942}") = "BulletDynamics", "Bullet\msvc\vs2010\BulletDynamics.vcxproj", "{EC528EAE-5128-404C-8CA5-0B29EF4CEF96}"
EndProject
Project("{8BC9CEB8-8B4A-11D0-8D11-00A0C91BC942}") = "BulletSoftBody", "Bullet\msvc\vs2010\BulletSoftBody.vcxproj", "{CE82FD06-9910-194D-B2C6-C2E722E10C76}"
EndProject
Project("{8BC9CEB8-8B4A-11D0-8D11-00A0C91BC942}") = "LinearMath", "Bullet\msvc\vs2010\LinearMath.vcxproj", "{B9844FF0-CC5C-BB43-8572-7AE4DF1DC0F8}"
EndProject
Project("{8BC9CEB8-8B4A-11D0-8D11-00A0C91BC942}") = "BulletFileLoader", "Bullet\msvc\vs2010\BulletFileLoader.vcxproj", "{B02C8A03-BE9E-014E-ADA0-FDFC82999A26}"
EndProject
Project("{8BC9CEB8-8B4A-11D0-8D11-00A0C91BC942}") = "BulletWorldImporter", "Bullet\msvc\vs2010\BulletWorldImporter.vcxproj", "{931CD25D-1A24-6E44-9087-09F2907359CA}"
EndProject
Project("{8BC9CEB8-8B4A-11D0-8D11-00A0C91BC942}") = "BulletViewer", "BulletViewer.vcxproj", "{D6BD6C26-D682-471E-B9E6-A34DD11964B1}"
	ProjectSection(ProjectDependencies) = postProject
		{CE82FD06-9910-194D-B2C6-C2E722E10C76} = {CE82FD06-9910-194D-B2C6-C2E722E10C76}
		{171F6320-B80F-AF40-ACDD-AD282D795B4C} = {171F6320-B80F-AF40-ACDD-AD282D795B4C}
		{B02C8A03-BE9E-014E-ADA0-FDFC82999A26} = {B02C8A03-BE9E-014E-ADA0-FDFC82999A26}
		{931CD25D-1A24-6E44-9087-09F2907359CA} = {931CD25D-1A24-6E44-9087-09F2907359CA}
		{EC528EAE-5128-404C-8CA5-0B29EF4CEF96} = {EC528EAE-5128-404C-8CA5-0B29EF4CEF96}
		{B9844FF0-CC5C-BB43-8572-7AE4DF1DC0F8} = {B9844FF0-CC5C-BB43-8572-7AE4DF1DC0F8}
	EndProjectSection
EndProject
Global
	GlobalSection(SolutionConfigurationPlatforms) = preSolution
		Debug|Win32 = Debug|Win32
		Debug|x64 = Debug|x64
		Release|Win32 = Release|Win32
		Release|x64 = Release|x64
	EndGlobalSection
	GlobalSection(ProjectConfigurationPlatforms) = postSolution
		{171F6320-B80F-AF40-ACDD-AD282D795B4C}.Debug|Win32.ActiveCfg = Debug|Win32
		{171F6320-B80F-AF40-ACDD-AD282D795B4C}.Debug|Win32.Build.0 = Debug|Win32
		{171F6320-B80F-AF40-ACDD-AD282D795B4C}.Debug|x64.ActiveCfg = Debug|x64
		{171F6320-B80F-AF40-ACDD-AD282D795B4C}.Debug|x64.Build.0 = Debug|x64
		{171F6320-B80F-AF40-ACDD-AD282D795B4C}.Release|Win32.ActiveCfg = Release|Win32
		{171F6320-B80F-AF40-ACDD-AD282D795B4C}.Release|Win32.Build.0 = Release|Win32
		{171F6320-B80F-AF40-ACDD-AD282D795B4C}.Release|x64.ActiveCfg = Release|x64
		{171F6320-B80F-AF40-ACDD-AD282D795B4C}.Release|x64.Build.0 = Release|x64
		{EC528EAE-5128-404C-8CA5-0B29EF4CEF96}.Debug|Win32.ActiveCfg = Debug|Win32
		{EC528EAE-5128-404C-8CA5-0B29EF4CEF96}.Debug|Win32.Build.0 = Debug|Win32
		{EC528EAE-5128-404C-8CA5-0B29EF4CEF96}.Debug|x64.ActiveCfg = Debug|x64
		{EC528EAE-5128-404C-8CA5-0B29EF4CEF96}.Debug|x64.Build.0 = Debug|x64
		{EC528EAE-5128-404C-8CA5-0B29EF4CEF96}.Release|Win32.ActiveCfg = Release|Win32
		{EC528EAE-5128-404C-8CA5-0B29EF4CEF96}.Release|Win32.Build.0 = Release|Win32
		{EC528EAE-5128-404C-8CA5-0B29EF4CEF96}.Release|x64.ActiveCfg = Release|x64
		{EC528EAE-5128-404C-8CA5-0B29EF4CEF96}.Release|x64.Build.0 = Release|x64
		{CE82FD06-9910-194D-B2C6-C2E722E10C76}.Debug|Win32.ActiveCfg = Debug|Win32
		{CE82FD06-9910-194D-B2C6-C2E722E10C76}.Debug|Win32.Build.0 = Debug|Win32
		{CE82FD06-9910-194D-B2C6-C2E722E10C76}.Debug|x64.ActiveCfg = Debug|x64
		{CE82FD06-9910-194D-B2C6-C2E722E10C76}.Debug|x64.Build.0 = Debug|x64
		{CE82FD06-9910-194D-B2C6-C2E722E10C76}.Release|Win32.ActiveCfg = Release|Win32
		{CE82FD06-9910-194D-B2C6-C2E722E10C76}.Release|Win32.Build.0 = Release|Win32
		{CE82FD06-9910-194D-B2C6-C2E722E10C76}.Release|x64.ActiveCfg = Release|x64
		{CE82FD06-9910-194D-B2C6-C2E722E10C76}.Release|x64.Build.0 = Release|x64
		{B9844FF0-CC5C-BB43-8572-7AE4DF1DC0F8}.Debug|Win32.ActiveCfg = Debug|Win32
		{B9844FF0-CC5C-BB43-8572-7AE4DF1DC0F8}.Debug|Win32.Build.0 = Debug|Win32
		{B9844FF0-CC5C-BB43-8572-7AE4DF1DC0F8}.Debug|x64.ActiveCfg = Debug|x64
		{B9844FF0-CC5C-BB43-8572-7AE4DF1DC0F8}.Debug|x64.Build.0 = Debug|x64
		{B9844FF0-CC5C-BB43-8572-7AE4DF1DC0F8}.Release|Win32.ActiveCfg = Release|Win32
		{B9844FF0-CC5C-BB43-8572-7AE4DF1DC0F8}.Release|Win32.Build.0 = Release|Win32
		{B9844FF0-CC5C-BB43-8572-7AE4DF1DC0F8}.Release|x64.ActiveCfg = Release|x64
		{B9844FF0-CC5C-BB43-8572-7AE4DF1DC0F8}.Release|x64.Build.0 = Release|x64
		{B02C8A03-BE9E-014E-ADA0-FDFC82999A26}.Debug|Win32.ActiveCfg = Debug|Win32
		{B02C8A03-BE9E-014E-ADA0-FDFC82999A26}.Debug|Win32.Build.0 = Debug|Win32
		{B02C8A03-BE9E-014E-ADA0-FDFC82999A26}.Debug|x64.ActiveCfg = Debug|x64
		{B02C8A03-BE9E-014E-ADA0-FDFC82999A26}.Debug|x64.Build.0 = Debug|x64
		{B02C8A03-BE9E-014E-ADA0-FDFC82999A26}.Release|Win32.ActiveCfg = Release|Win32
		{B02C8A03-BE9E-014E-ADA0-FDFC82999A26}.Release|Win32.Build.0 = Release|Win32
		{B02C8A03-BE9E-014E-ADA0-FDFC82999A26}.Release|x64.ActiveCfg = Release|x64
		{B02C8A03-BE9E-014E-ADA0-FDFC82999A26}.Release|x64.Build.0 = Release|x64
		{931CD25D-1A24-6E44-9087-09F2907359CA}.Debug|Win32.ActiveCfg = Debug|Win32
		{931CD25D-1A24-6E44-9087-09F2907359CA}.Debug|Win32.Build.0 = Debug|Win32
		{931CD25D-1A24-6E44-9087-09F2907359CA}.Debug|x64.ActiveCfg = Debug|x64
		{931CD25D-1A24-6E44-9087-09F2907359CA}.Debug|x64.Build.0 = Debug|x64
		{931CD25D-1A24-6E44-9087-09F2907359CA}.Release|Win32.ActiveCfg = Release|Win32
		{931CD25D-1A24-6E44-9087-09F2907359CA}.Release|Win32.Build.0 = Release|Win32
		{931CD25D-1A24-6E44-9087-09F2907359CA}.Release|x64.ActiveCfg = Release|x64
		{931CD25D-1A24-6E44-9087-09F2907359CA}.Release|x64.Build.0 = Release|x64
		{D6BD6C26-D682-471E-B9E6-A34DD11964B1}.Debug|Win32.ActiveCfg = Debug|Win32
		{D6BD6C26-D682-471E-B9E6-A34DD11964B1}.Debug|Win32.Build.0 = Debug|Win32
		{D6BD6C26-D682-471E-B9E6-A34DD11964B1}.Debug|x64.ActiveCfg = Debug|Win32
		{D6BD6C26-D682-471E-B9E6-A34DD11964B1}.Release|Win32.ActiveCfg = Release|Win32
		{D6BD6C26-D682-471E-B9E6-A34DD11964B1}.Release|Win32.Build.0 = Release|Win32
		{D6BD6C26-D682-471E-B9E6-A34DD11964B1}.Release|x64.ActiveCfg = Release|Win32
	EndGlobalSection
	GlobalSection(SolutionProperties) = preSolution
		HideSolutionNode = FALSE
	EndGlobalSection
EndGlobal
