<?xml version="1.0" encoding="utf-8"?>
<Project ToolsVersion="4.0" xmlns="http://schemas.microsoft.com/developer/msbuild/2003">
	<ItemGroup>
		<Filter Include="Demos">
			<UniqueIdentifier>{2B8F7902-3560-7341-BBF8-5996BD0A1650}</UniqueIdentifier>
		</Filter>
		<Filter Include="Demos\HelloWorld">
			<UniqueIdentifier>{ADC752F0-65CD-BE43-B376-DC82359B2B1D}</UniqueIdentifier>
		</Filter>
	</ItemGroup>
	<ItemGroup>
		<ClCompile Include="..\..\Demos\HelloWorld\HelloWorld.cpp">
			<Filter>Demos\HelloWorld</Filter>
		</ClCompile>
	</ItemGroup>
	<ItemGroup>
		<ResourceCompile Include="..\bullet.rc" />
	</ItemGroup>
</Project>
