<?xml version="1.0" encoding="utf-8"?>
<Project ToolsVersion="4.0" xmlns="http://schemas.microsoft.com/developer/msbuild/2003">
	<ItemGroup>
		<Filter Include="Demos">
			<UniqueIdentifier>{CB0EE346-0276-164E-8A5C-7490E7596183}</UniqueIdentifier>
		</Filter>
		<Filter Include="Demos\ContinuousConvexCollision">
			<UniqueIdentifier>{D1662C1B-E197-F54B-B3E7-08ED40ABF828}</UniqueIdentifier>
		</Filter>
	</ItemGroup>
	<ItemGroup>
		<ClInclude Include="..\..\Demos\ContinuousConvexCollision\ContinuousConvexCollision.h">
			<Filter>Demos\ContinuousConvexCollision</Filter>
		</ClInclude>
	</ItemGroup>
	<ItemGroup>
		<ClCompile Include="..\..\Demos\ContinuousConvexCollision\ContinuousConvexCollisionDemo.cpp">
			<Filter>Demos\ContinuousConvexCollision</Filter>
		</ClCompile>
	</ItemGroup>
	<ItemGroup>
		<ResourceCompile Include="..\bullet.rc" />
	</ItemGroup>
</Project>
