<?xml version="1.0" encoding="utf-8"?>
<Project ToolsVersion="4.0" xmlns="http://schemas.microsoft.com/developer/msbuild/2003">
	<ItemGroup>
		<Filter Include="Demos">
			<UniqueIdentifier>{082A06F5-24E7-2D4C-95DA-CB8CDE64ECB9}</UniqueIdentifier>
		</Filter>
		<Filter Include="Demos\BasicDemo">
			<UniqueIdentifier>{206E3298-73B4-504F-A843-31A939A4E667}</UniqueIdentifier>
		</Filter>
	</ItemGroup>
	<ItemGroup>
		<ClInclude Include="..\..\Demos\BasicDemo\BasicDemo.h">
			<Filter>Demos\BasicDemo</Filter>
		</ClInclude>
	</ItemGroup>
	<ItemGroup>
		<ClCompile Include="..\..\Demos\BasicDemo\BasicDemo.cpp">
			<Filter>Demos\BasicDemo</Filter>
		</ClCompile>
		<ClCompile Include="..\..\Demos\BasicDemo\main.cpp">
			<Filter>Demos\BasicDemo</Filter>
		</ClCompile>
		<ClCompile Include="..\..\Demos\BasicDemo\Win32BasicDemo.cpp">
			<Filter>Demos\BasicDemo</Filter>
		</ClCompile>
	</ItemGroup>
	<ItemGroup>
		<ResourceCompile Include="..\bullet.rc" />
	</ItemGroup>
</Project>
