
Microsoft Visual Studio Solution File, Format Version 11.00
# Visual Studio 2010
Project("{8BC9CEB8-8B4A-11D0-8D11-00A0C91BC942}") = "App_BasicDemo", "App_BasicDemo.vcxproj", "{FD16B067-6432-5B4F-B8F8-61081E835885}"
	ProjectSection(ProjectDependencies) = postProject
		{27E81CD5-D9C8-4C43-B93A-7F52A2160E81} = {27E81CD5-D9C8-4C43-B93A-7F52A2160E81}
		{B9844FF0-CC5C-BB43-8572-7AE4DF1DC0F8} = {B9844FF0-CC5C-BB43-8572-7AE4DF1DC0F8}
		{C3AE0F29-38A4-BC42-A7EF-E9BC42FA4E66} = {C3AE0F29-38A4-BC42-A7EF-E9BC42FA4E66}
		{EC528EAE-5128-404C-8CA5-0B29EF4CEF96} = {EC528EAE-5128-404C-8CA5-0B29EF4CEF96}
	EndProjectSection
EndProject
Project("{8BC9CEB8-8B4A-11D0-8D11-00A0C91BC942}") = "App_Box2dDemo", "App_Box2dDemo.vcxproj", "{6F47CF8F-EB66-9047-88F3-FBC335B61ACC}"
	ProjectSection(ProjectDependencies) = postProject
		{27E81CD5-D9C8-4C43-B93A-7F52A2160E81} = {27E81CD5-D9C8-4C43-B93A-7F52A2160E81}
		{B9844FF0-CC5C-BB43-8572-7AE4DF1DC0F8} = {B9844FF0-CC5C-BB43-8572-7AE4DF1DC0F8}
		{C3AE0F29-38A4-BC42-A7EF-E9BC42FA4E66} = {C3AE0F29-38A4-BC42-A7EF-E9BC42FA4E66}
		{EC528EAE-5128-404C-8CA5-0B29EF4CEF96} = {EC528EAE-5128-404C-8CA5-0B29EF4CEF96}
	EndProjectSection
EndProject
Project("{8BC9CEB8-8B4A-11D0-8D11-00A0C91BC942}") = "App_BspDemo", "App_BspDemo.vcxproj", "{915E1065-26A4-F74A-AAF5-81B86ACD31CB}"
	ProjectSection(ProjectDependencies) = postProject
		{27E81CD5-D9C8-4C43-B93A-7F52A2160E81} = {27E81CD5-D9C8-4C43-B93A-7F52A2160E81}
		{B9844FF0-CC5C-BB43-8572-7AE4DF1DC0F8} = {B9844FF0-CC5C-BB43-8572-7AE4DF1DC0F8}
		{C3AE0F29-38A4-BC42-A7EF-E9BC42FA4E66} = {C3AE0F29-38A4-BC42-A7EF-E9BC42FA4E66}
		{EC528EAE-5128-404C-8CA5-0B29EF4CEF96} = {EC528EAE-5128-404C-8CA5-0B29EF4CEF96}
	EndProjectSection
EndProject
Project("{8BC9CEB8-8B4A-11D0-8D11-00A0C91BC942}") = "App_CcdPhysicsDemo", "App_CcdPhysicsDemo.vcxproj", "{3B259C12-49C5-4047-9B8E-DA3D4C532615}"
	ProjectSection(ProjectDependencies) = postProject
		{27E81CD5-D9C8-4C43-B93A-7F52A2160E81} = {27E81CD5-D9C8-4C43-B93A-7F52A2160E81}
		{B9844FF0-CC5C-BB43-8572-7AE4DF1DC0F8} = {B9844FF0-CC5C-BB43-8572-7AE4DF1DC0F8}
		{C3AE0F29-38A4-BC42-A7EF-E9BC42FA4E66} = {C3AE0F29-38A4-BC42-A7EF-E9BC42FA4E66}
		{EC528EAE-5128-404C-8CA5-0B29EF4CEF96} = {EC528EAE-5128-404C-8CA5-0B29EF4CEF96}
	EndProjectSection
EndProject
Project("{8BC9CEB8-8B4A-11D0-8D11-00A0C91BC942}") = "App_CollisionDemo", "App_CollisionDemo.vcxproj", "{5C71D324-5905-154A-BF0C-D00CFB353994}"
	ProjectSection(ProjectDependencies) = postProject
		{27E81CD5-D9C8-4C43-B93A-7F52A2160E81} = {27E81CD5-D9C8-4C43-B93A-7F52A2160E81}
		{B9844FF0-CC5C-BB43-8572-7AE4DF1DC0F8} = {B9844FF0-CC5C-BB43-8572-7AE4DF1DC0F8}
		{C3AE0F29-38A4-BC42-A7EF-E9BC42FA4E66} = {C3AE0F29-38A4-BC42-A7EF-E9BC42FA4E66}
		{EC528EAE-5128-404C-8CA5-0B29EF4CEF96} = {EC528EAE-5128-404C-8CA5-0B29EF4CEF96}
	EndProjectSection
EndProject
Project("{8BC9CEB8-8B4A-11D0-8D11-00A0C91BC942}") = "App_CollisionInterfaceDemo", "App_CollisionInterfaceDemo.vcxproj", "{4082F598-B319-844E-BC8F-50C70F4CD561}"
	ProjectSection(ProjectDependencies) = postProject
		{27E81CD5-D9C8-4C43-B93A-7F52A2160E81} = {27E81CD5-D9C8-4C43-B93A-7F52A2160E81}
		{B9844FF0-CC5C-BB43-8572-7AE4DF1DC0F8} = {B9844FF0-CC5C-BB43-8572-7AE4DF1DC0F8}
		{C3AE0F29-38A4-BC42-A7EF-E9BC42FA4E66} = {C3AE0F29-38A4-BC42-A7EF-E9BC42FA4E66}
		{EC528EAE-5128-404C-8CA5-0B29EF4CEF96} = {EC528EAE-5128-404C-8CA5-0B29EF4CEF96}
	EndProjectSection
EndProject
Project("{8BC9CEB8-8B4A-11D0-8D11-00A0C91BC942}") = "App_ConcaveConvexcastDemo", "App_ConcaveConvexcastDemo.vcxproj", "{3002BA00-C5E0-B44B-B8A8-ADBA368597FD}"
	ProjectSection(ProjectDependencies) = postProject
		{27E81CD5-D9C8-4C43-B93A-7F52A2160E81} = {27E81CD5-D9C8-4C43-B93A-7F52A2160E81}
		{B9844FF0-CC5C-BB43-8572-7AE4DF1DC0F8} = {B9844FF0-CC5C-BB43-8572-7AE4DF1DC0F8}
		{C3AE0F29-38A4-BC42-A7EF-E9BC42FA4E66} = {C3AE0F29-38A4-BC42-A7EF-E9BC42FA4E66}
		{EC528EAE-5128-404C-8CA5-0B29EF4CEF96} = {EC528EAE-5128-404C-8CA5-0B29EF4CEF96}
	EndProjectSection
EndProject
Project("{8BC9CEB8-8B4A-11D0-8D11-00A0C91BC942}") = "App_ConcaveDemo", "App_ConcaveDemo.vcxproj", "{392460C4-0BEC-3D44-AE86-A0A19FDEAB22}"
	ProjectSection(ProjectDependencies) = postProject
		{27E81CD5-D9C8-4C43-B93A-7F52A2160E81} = {27E81CD5-D9C8-4C43-B93A-7F52A2160E81}
		{B9844FF0-CC5C-BB43-8572-7AE4DF1DC0F8} = {B9844FF0-CC5C-BB43-8572-7AE4DF1DC0F8}
		{C3AE0F29-38A4-BC42-A7EF-E9BC42FA4E66} = {C3AE0F29-38A4-BC42-A7EF-E9BC42FA4E66}
		{EC528EAE-5128-404C-8CA5-0B29EF4CEF96} = {EC528EAE-5128-404C-8CA5-0B29EF4CEF96}
	EndProjectSection
EndProject
Project("{8BC9CEB8-8B4A-11D0-8D11-00A0C91BC942}") = "App_ConcaveRaycastDemo", "App_ConcaveRaycastDemo.vcxproj", "{0F52EB93-A6DF-9044-A873-204BA5732B93}"
	ProjectSection(ProjectDependencies) = postProject
		{27E81CD5-D9C8-4C43-B93A-7F52A2160E81} = {27E81CD5-D9C8-4C43-B93A-7F52A2160E81}
		{B9844FF0-CC5C-BB43-8572-7AE4DF1DC0F8} = {B9844FF0-CC5C-BB43-8572-7AE4DF1DC0F8}
		{C3AE0F29-38A4-BC42-A7EF-E9BC42FA4E66} = {C3AE0F29-38A4-BC42-A7EF-E9BC42FA4E66}
		{EC528EAE-5128-404C-8CA5-0B29EF4CEF96} = {EC528EAE-5128-404C-8CA5-0B29EF4CEF96}
	EndProjectSection
EndProject
Project("{8BC9CEB8-8B4A-11D0-8D11-00A0C91BC942}") = "App_ConstraintDemo", "App_ConstraintDemo.vcxproj", "{4CC2FCFB-0515-7E42-989C-C4DA88FBE9A0}"
	ProjectSection(ProjectDependencies) = postProject
		{27E81CD5-D9C8-4C43-B93A-7F52A2160E81} = {27E81CD5-D9C8-4C43-B93A-7F52A2160E81}
		{B9844FF0-CC5C-BB43-8572-7AE4DF1DC0F8} = {B9844FF0-CC5C-BB43-8572-7AE4DF1DC0F8}
		{C3AE0F29-38A4-BC42-A7EF-E9BC42FA4E66} = {C3AE0F29-38A4-BC42-A7EF-E9BC42FA4E66}
		{EC528EAE-5128-404C-8CA5-0B29EF4CEF96} = {EC528EAE-5128-404C-8CA5-0B29EF4CEF96}
	EndProjectSection
EndProject
Project("{8BC9CEB8-8B4A-11D0-8D11-00A0C91BC942}") = "App_ContinuousConvexCollision", "App_ContinuousConvexCollision.vcxproj", "{06EDBCD4-B299-F146-81D9-410428A782BD}"
	ProjectSection(ProjectDependencies) = postProject
		{27E81CD5-D9C8-4C43-B93A-7F52A2160E81} = {27E81CD5-D9C8-4C43-B93A-7F52A2160E81}
		{B9844FF0-CC5C-BB43-8572-7AE4DF1DC0F8} = {B9844FF0-CC5C-BB43-8572-7AE4DF1DC0F8}
		{C3AE0F29-38A4-BC42-A7EF-E9BC42FA4E66} = {C3AE0F29-38A4-BC42-A7EF-E9BC42FA4E66}
		{EC528EAE-5128-404C-8CA5-0B29EF4CEF96} = {EC528EAE-5128-404C-8CA5-0B29EF4CEF96}
	EndProjectSection
EndProject
Project("{8BC9CEB8-8B4A-11D0-8D11-00A0C91BC942}") = "App_ConvexHullDistance", "App_ConvexHullDistance.vcxproj", "{04861E37-3B22-6640-99AB-7F3CF2506150}"
	ProjectSection(ProjectDependencies) = postProject
		{27E81CD5-D9C8-4C43-B93A-7F52A2160E81} = {27E81CD5-D9C8-4C43-B93A-7F52A2160E81}
		{B9844FF0-CC5C-BB43-8572-7AE4DF1DC0F8} = {B9844FF0-CC5C-BB43-8572-7AE4DF1DC0F8}
		{C3AE0F29-38A4-BC42-A7EF-E9BC42FA4E66} = {C3AE0F29-38A4-BC42-A7EF-E9BC42FA4E66}
		{EC528EAE-5128-404C-8CA5-0B29EF4CEF96} = {EC528EAE-5128-404C-8CA5-0B29EF4CEF96}
	EndProjectSection
EndProject
Project("{8BC9CEB8-8B4A-11D0-8D11-00A0C91BC942}") = "App_DynamicControlDemo", "App_DynamicControlDemo.vcxproj", "{90483220-37D8-D048-A588-CEA7B3348899}"
	ProjectSection(ProjectDependencies) = postProject
		{27E81CD5-D9C8-4C43-B93A-7F52A2160E81} = {27E81CD5-D9C8-4C43-B93A-7F52A2160E81}
		{B9844FF0-CC5C-BB43-8572-7AE4DF1DC0F8} = {B9844FF0-CC5C-BB43-8572-7AE4DF1DC0F8}
		{C3AE0F29-38A4-BC42-A7EF-E9BC42FA4E66} = {C3AE0F29-38A4-BC42-A7EF-E9BC42FA4E66}
		{EC528EAE-5128-404C-8CA5-0B29EF4CEF96} = {EC528EAE-5128-404C-8CA5-0B29EF4CEF96}
	EndProjectSection
EndProject
Project("{8BC9CEB8-8B4A-11D0-8D11-00A0C91BC942}") = "App_EPAPenDepthDemo", "App_EPAPenDepthDemo.vcxproj", "{23828072-B6D8-E441-A994-ECF92A81B30D}"
	ProjectSection(ProjectDependencies) = postProject
		{27E81CD5-D9C8-4C43-B93A-7F52A2160E81} = {27E81CD5-D9C8-4C43-B93A-7F52A2160E81}
		{B9844FF0-CC5C-BB43-8572-7AE4DF1DC0F8} = {B9844FF0-CC5C-BB43-8572-7AE4DF1DC0F8}
		{C3AE0F29-38A4-BC42-A7EF-E9BC42FA4E66} = {C3AE0F29-38A4-BC42-A7EF-E9BC42FA4E66}
		{EC528EAE-5128-404C-8CA5-0B29EF4CEF96} = {EC528EAE-5128-404C-8CA5-0B29EF4CEF96}
	EndProjectSection
EndProject
Project("{8BC9CEB8-8B4A-11D0-8D11-00A0C91BC942}") = "App_ForkLiftDemo", "App_ForkLiftDemo.vcxproj", "{CE7D7FCF-10EC-DA40-9166-21687C03FA8D}"
	ProjectSection(ProjectDependencies) = postProject
		{27E81CD5-D9C8-4C43-B93A-7F52A2160E81} = {27E81CD5-D9C8-4C43-B93A-7F52A2160E81}
		{B9844FF0-CC5C-BB43-8572-7AE4DF1DC0F8} = {B9844FF0-CC5C-BB43-8572-7AE4DF1DC0F8}
		{C3AE0F29-38A4-BC42-A7EF-E9BC42FA4E66} = {C3AE0F29-38A4-BC42-A7EF-E9BC42FA4E66}
		{EC528EAE-5128-404C-8CA5-0B29EF4CEF96} = {EC528EAE-5128-404C-8CA5-0B29EF4CEF96}
	EndProjectSection
EndProject
Project("{8BC9CEB8-8B4A-11D0-8D11-00A0C91BC942}") = "App_FractureDemo", "App_FractureDemo.vcxproj", "{51F9F422-1F83-A34D-9768-B89C040106D6}"
	ProjectSection(ProjectDependencies) = postProject
		{27E81CD5-D9C8-4C43-B93A-7F52A2160E81} = {27E81CD5-D9C8-4C43-B93A-7F52A2160E81}
		{B9844FF0-CC5C-BB43-8572-7AE4DF1DC0F8} = {B9844FF0-CC5C-BB43-8572-7AE4DF1DC0F8}
		{C3AE0F29-38A4-BC42-A7EF-E9BC42FA4E66} = {C3AE0F29-38A4-BC42-A7EF-E9BC42FA4E66}
		{EC528EAE-5128-404C-8CA5-0B29EF4CEF96} = {EC528EAE-5128-404C-8CA5-0B29EF4CEF96}
	EndProjectSection
EndProject
Project("{8BC9CEB8-8B4A-11D0-8D11-00A0C91BC942}") = "App_GenericJointDemo", "App_GenericJointDemo.vcxproj", "{1CCB68E6-FC8D-EC45-A61C-B98564646DF1}"
	ProjectSection(ProjectDependencies) = postProject
		{27E81CD5-D9C8-4C43-B93A-7F52A2160E81} = {27E81CD5-D9C8-4C43-B93A-7F52A2160E81}
		{B9844FF0-CC5C-BB43-8572-7AE4DF1DC0F8} = {B9844FF0-CC5C-BB43-8572-7AE4DF1DC0F8}
		{C3AE0F29-38A4-BC42-A7EF-E9BC42FA4E66} = {C3AE0F29-38A4-BC42-A7EF-E9BC42FA4E66}
		{EC528EAE-5128-404C-8CA5-0B29EF4CEF96} = {EC528EAE-5128-404C-8CA5-0B29EF4CEF96}
	EndProjectSection
EndProject
Project("{8BC9CEB8-8B4A-11D0-8D11-00A0C91BC942}") = "App_GimpactTestDemo", "App_GimpactTestDemo.vcxproj", "{E35E1B95-66C5-5E46-B763-DDAE25C9F047}"
	ProjectSection(ProjectDependencies) = postProject
		{27E81CD5-D9C8-4C43-B93A-7F52A2160E81} = {27E81CD5-D9C8-4C43-B93A-7F52A2160E81}
		{B9844FF0-CC5C-BB43-8572-7AE4DF1DC0F8} = {B9844FF0-CC5C-BB43-8572-7AE4DF1DC0F8}
		{C3AE0F29-38A4-BC42-A7EF-E9BC42FA4E66} = {C3AE0F29-38A4-BC42-A7EF-E9BC42FA4E66}
		{EC528EAE-5128-404C-8CA5-0B29EF4CEF96} = {EC528EAE-5128-404C-8CA5-0B29EF4CEF96}
	EndProjectSection
EndProject
Project("{8BC9CEB8-8B4A-11D0-8D11-00A0C91BC942}") = "App_GjkConvexCastDemo", "App_GjkConvexCastDemo.vcxproj", "{F7376079-2D6F-CD43-9E9A-42E4F1C08FF0}"
	ProjectSection(ProjectDependencies) = postProject
		{27E81CD5-D9C8-4C43-B93A-7F52A2160E81} = {27E81CD5-D9C8-4C43-B93A-7F52A2160E81}
		{B9844FF0-CC5C-BB43-8572-7AE4DF1DC0F8} = {B9844FF0-CC5C-BB43-8572-7AE4DF1DC0F8}
		{C3AE0F29-38A4-BC42-A7EF-E9BC42FA4E66} = {C3AE0F29-38A4-BC42-A7EF-E9BC42FA4E66}
		{EC528EAE-5128-404C-8CA5-0B29EF4CEF96} = {EC528EAE-5128-404C-8CA5-0B29EF4CEF96}
	EndProjectSection
EndProject
Project("{8BC9CEB8-8B4A-11D0-8D11-00A0C91BC942}") = "App_HelloWorld", "App_HelloWorld.vcxproj", "{F40322F1-3299-B94C-B29F-68DA442929D3}"
	ProjectSection(ProjectDependencies) = postProject
		{27E81CD5-D9C8-4C43-B93A-7F52A2160E81} = {27E81CD5-D9C8-4C43-B93A-7F52A2160E81}
		{B9844FF0-CC5C-BB43-8572-7AE4DF1DC0F8} = {B9844FF0-CC5C-BB43-8572-7AE4DF1DC0F8}
		{C3AE0F29-38A4-BC42-A7EF-E9BC42FA4E66} = {C3AE0F29-38A4-BC42-A7EF-E9BC42FA4E66}
		{EC528EAE-5128-404C-8CA5-0B29EF4CEF96} = {EC528EAE-5128-404C-8CA5-0B29EF4CEF96}
	EndProjectSection
EndProject
Project("{8BC9CEB8-8B4A-11D0-8D11-00A0C91BC942}") = "App_InternalEdgeDemo", "App_InternalEdgeDemo.vcxproj", "{D2F29B6E-9393-B345-B656-F5245690459C}"
	ProjectSection(ProjectDependencies) = postProject
		{27E81CD5-D9C8-4C43-B93A-7F52A2160E81} = {27E81CD5-D9C8-4C43-B93A-7F52A2160E81}
		{B9844FF0-CC5C-BB43-8572-7AE4DF1DC0F8} = {B9844FF0-CC5C-BB43-8572-7AE4DF1DC0F8}
		{C3AE0F29-38A4-BC42-A7EF-E9BC42FA4E66} = {C3AE0F29-38A4-BC42-A7EF-E9BC42FA4E66}
		{EC528EAE-5128-404C-8CA5-0B29EF4CEF96} = {EC528EAE-5128-404C-8CA5-0B29EF4CEF96}
	EndProjectSection
EndProject
Project("{8BC9CEB8-8B4A-11D0-8D11-00A0C91BC942}") = "App_MovingConcaveDemo", "App_MovingConcaveDemo.vcxproj", "{5196D230-B3C6-394F-A8B1-21F9AC681ACE}"
	ProjectSection(ProjectDependencies) = postProject
		{27E81CD5-D9C8-4C43-B93A-7F52A2160E81} = {27E81CD5-D9C8-4C43-B93A-7F52A2160E81}
		{B9844FF0-CC5C-BB43-8572-7AE4DF1DC0F8} = {B9844FF0-CC5C-BB43-8572-7AE4DF1DC0F8}
		{C3AE0F29-38A4-BC42-A7EF-E9BC42FA4E66} = {C3AE0F29-38A4-BC42-A7EF-E9BC42FA4E66}
		{EC528EAE-5128-404C-8CA5-0B29EF4CEF96} = {EC528EAE-5128-404C-8CA5-0B29EF4CEF96}
	EndProjectSection
EndProject
Project("{8BC9CEB8-8B4A-11D0-8D11-00A0C91BC942}") = "App_MultiMaterialDemo", "App_MultiMaterialDemo.vcxproj", "{5300BF29-3803-3D44-BCEC-5B00D92AD860}"
	ProjectSection(ProjectDependencies) = postProject
		{27E81CD5-D9C8-4C43-B93A-7F52A2160E81} = {27E81CD5-D9C8-4C43-B93A-7F52A2160E81}
		{B9844FF0-CC5C-BB43-8572-7AE4DF1DC0F8} = {B9844FF0-CC5C-BB43-8572-7AE4DF1DC0F8}
		{C3AE0F29-38A4-BC42-A7EF-E9BC42FA4E66} = {C3AE0F29-38A4-BC42-A7EF-E9BC42FA4E66}
		{EC528EAE-5128-404C-8CA5-0B29EF4CEF96} = {EC528EAE-5128-404C-8CA5-0B29EF4CEF96}
	EndProjectSection
EndProject
Project("{8BC9CEB8-8B4A-11D0-8D11-00A0C91BC942}") = "App_RagdollDemo", "App_RagdollDemo.vcxproj", "{D1E198EF-8F46-FD46-831E-48A9DD026872}"
	ProjectSection(ProjectDependencies) = postProject
		{27E81CD5-D9C8-4C43-B93A-7F52A2160E81} = {27E81CD5-D9C8-4C43-B93A-7F52A2160E81}
		{B9844FF0-CC5C-BB43-8572-7AE4DF1DC0F8} = {B9844FF0-CC5C-BB43-8572-7AE4DF1DC0F8}
		{C3AE0F29-38A4-BC42-A7EF-E9BC42FA4E66} = {C3AE0F29-38A4-BC42-A7EF-E9BC42FA4E66}
		{EC528EAE-5128-404C-8CA5-0B29EF4CEF96} = {EC528EAE-5128-404C-8CA5-0B29EF4CEF96}
	EndProjectSection
EndProject
Project("{8BC9CEB8-8B4A-11D0-8D11-00A0C91BC942}") = "App_Raytracer", "App_Raytracer.vcxproj", "{0AC94B76-0795-8C43-B63F-47EBD9EF766D}"
	ProjectSection(ProjectDependencies) = postProject
		{27E81CD5-D9C8-4C43-B93A-7F52A2160E81} = {27E81CD5-D9C8-4C43-B93A-7F52A2160E81}
		{B9844FF0-CC5C-BB43-8572-7AE4DF1DC0F8} = {B9844FF0-CC5C-BB43-8572-7AE4DF1DC0F8}
		{C3AE0F29-38A4-BC42-A7EF-E9BC42FA4E66} = {C3AE0F29-38A4-BC42-A7EF-E9BC42FA4E66}
		{EC528EAE-5128-404C-8CA5-0B29EF4CEF96} = {EC528EAE-5128-404C-8CA5-0B29EF4CEF96}
	EndProjectSection
EndProject
Project("{8BC9CEB8-8B4A-11D0-8D11-00A0C91BC942}") = "App_SimplexDemo", "App_SimplexDemo.vcxproj", "{72F8B9EB-D901-2249-B192-E1393A11114D}"
	ProjectSection(ProjectDependencies) = postProject
		{27E81CD5-D9C8-4C43-B93A-7F52A2160E81} = {27E81CD5-D9C8-4C43-B93A-7F52A2160E81}
		{B9844FF0-CC5C-BB43-8572-7AE4DF1DC0F8} = {B9844FF0-CC5C-BB43-8572-7AE4DF1DC0F8}
		{C3AE0F29-38A4-BC42-A7EF-E9BC42FA4E66} = {C3AE0F29-38A4-BC42-A7EF-E9BC42FA4E66}
		{EC528EAE-5128-404C-8CA5-0B29EF4CEF96} = {EC528EAE-5128-404C-8CA5-0B29EF4CEF96}
	EndProjectSection
EndProject
Project("{8BC9CEB8-8B4A-11D0-8D11-00A0C91BC942}") = "App_SliderConstraintDemo", "App_SliderConstraintDemo.vcxproj", "{C0011044-B997-1F4B-913C-38142C7159CE}"
	ProjectSection(ProjectDependencies) = postProject
		{27E81CD5-D9C8-4C43-B93A-7F52A2160E81} = {27E81CD5-D9C8-4C43-B93A-7F52A2160E81}
		{B9844FF0-CC5C-BB43-8572-7AE4DF1DC0F8} = {B9844FF0-CC5C-BB43-8572-7AE4DF1DC0F8}
		{C3AE0F29-38A4-BC42-A7EF-E9BC42FA4E66} = {C3AE0F29-38A4-BC42-A7EF-E9BC42FA4E66}
		{EC528EAE-5128-404C-8CA5-0B29EF4CEF96} = {EC528EAE-5128-404C-8CA5-0B29EF4CEF96}
	EndProjectSection
EndProject
Project("{8BC9CEB8-8B4A-11D0-8D11-00A0C91BC942}") = "App_TerrainDemo", "App_TerrainDemo.vcxproj", "{3770FFF9-577C-BA4B-A79B-A8522690600F}"
	ProjectSection(ProjectDependencies) = postProject
		{27E81CD5-D9C8-4C43-B93A-7F52A2160E81} = {27E81CD5-D9C8-4C43-B93A-7F52A2160E81}
		{B9844FF0-CC5C-BB43-8572-7AE4DF1DC0F8} = {B9844FF0-CC5C-BB43-8572-7AE4DF1DC0F8}
		{C3AE0F29-38A4-BC42-A7EF-E9BC42FA4E66} = {C3AE0F29-38A4-BC42-A7EF-E9BC42FA4E66}
		{EC528EAE-5128-404C-8CA5-0B29EF4CEF96} = {EC528EAE-5128-404C-8CA5-0B29EF4CEF96}
	EndProjectSection
EndProject
Project("{8BC9CEB8-8B4A-11D0-8D11-00A0C91BC942}") = "App_UserCollisionAlgorithm", "App_UserCollisionAlgorithm.vcxproj", "{1ECA4480-2587-254E-A8AC-1B8131A56296}"
	ProjectSection(ProjectDependencies) = postProject
		{27E81CD5-D9C8-4C43-B93A-7F52A2160E81} = {27E81CD5-D9C8-4C43-B93A-7F52A2160E81}
		{B9844FF0-CC5C-BB43-8572-7AE4DF1DC0F8} = {B9844FF0-CC5C-BB43-8572-7AE4DF1DC0F8}
		{C3AE0F29-38A4-BC42-A7EF-E9BC42FA4E66} = {C3AE0F29-38A4-BC42-A7EF-E9BC42FA4E66}
		{EC528EAE-5128-404C-8CA5-0B29EF4CEF96} = {EC528EAE-5128-404C-8CA5-0B29EF4CEF96}
	EndProjectSection
EndProject
Project("{8BC9CEB8-8B4A-11D0-8D11-00A0C91BC942}") = "App_VehicleDemo", "App_VehicleDemo.vcxproj", "{FE290427-42AD-3A49-8E34-07BB61FBC18F}"
	ProjectSection(ProjectDependencies) = postProject
		{27E81CD5-D9C8-4C43-B93A-7F52A2160E81} = {27E81CD5-D9C8-4C43-B93A-7F52A2160E81}
		{B9844FF0-CC5C-BB43-8572-7AE4DF1DC0F8} = {B9844FF0-CC5C-BB43-8572-7AE4DF1DC0F8}
		{C3AE0F29-38A4-BC42-A7EF-E9BC42FA4E66} = {C3AE0F29-38A4-BC42-A7EF-E9BC42FA4E66}
		{EC528EAE-5128-404C-8CA5-0B29EF4CEF96} = {EC528EAE-5128-404C-8CA5-0B29EF4CEF96}
	EndProjectSection
EndProject
Project("{8BC9CEB8-8B4A-11D0-8D11-00A0C91BC942}") = "App_ConvexDecompositionDemo", "App_ConvexDecompositionDemo.vcxproj", "{DC46B373-381D-974C-AA4B-E960667968E2}"
	ProjectSection(ProjectDependencies) = postProject
		{27E81CD5-D9C8-4C43-B93A-7F52A2160E81} = {27E81CD5-D9C8-4C43-B93A-7F52A2160E81}
		{B9844FF0-CC5C-BB43-8572-7AE4DF1DC0F8} = {B9844FF0-CC5C-BB43-8572-7AE4DF1DC0F8}
		{C3AE0F29-38A4-BC42-A7EF-E9BC42FA4E66} = {C3AE0F29-38A4-BC42-A7EF-E9BC42FA4E66}
		{EC528EAE-5128-404C-8CA5-0B29EF4CEF96} = {EC528EAE-5128-404C-8CA5-0B29EF4CEF96}
		{8D4E12DE-BB9D-844F-B243-F158F93B7DEA} = {8D4E12DE-BB9D-844F-B243-F158F93B7DEA}
		{FE93B7C8-0FAE-354D-A622-4E336C0C8C87} = {FE93B7C8-0FAE-354D-A622-4E336C0C8C87}
	EndProjectSection
EndProject
Project("{8BC9CEB8-8B4A-11D0-8D11-00A0C91BC942}") = "App_SoftDemo", "App_SoftDemo.vcxproj", "{E61536DC-5E2D-3744-874C-19845185A326}"
	ProjectSection(ProjectDependencies) = postProject
		{27E81CD5-D9C8-4C43-B93A-7F52A2160E81} = {27E81CD5-D9C8-4C43-B93A-7F52A2160E81}
		{B9844FF0-CC5C-BB43-8572-7AE4DF1DC0F8} = {B9844FF0-CC5C-BB43-8572-7AE4DF1DC0F8}
		{C3AE0F29-38A4-BC42-A7EF-E9BC42FA4E66} = {C3AE0F29-38A4-BC42-A7EF-E9BC42FA4E66}
		{EC528EAE-5128-404C-8CA5-0B29EF4CEF96} = {EC528EAE-5128-404C-8CA5-0B29EF4CEF96}
		{CE82FD06-9910-194D-B2C6-C2E722E10C76} = {CE82FD06-9910-194D-B2C6-C2E722E10C76}
	EndProjectSection
EndProject
Project("{8BC9CEB8-8B4A-11D0-8D11-00A0C91BC942}") = "App_SerializeDemo", "App_SerializeDemo.vcxproj", "{A811ADE4-E63B-964A-A880-ED1B92313E80}"
	ProjectSection(ProjectDependencies) = postProject
		{27E81CD5-D9C8-4C43-B93A-7F52A2160E81} = {27E81CD5-D9C8-4C43-B93A-7F52A2160E81}
		{B9844FF0-CC5C-BB43-8572-7AE4DF1DC0F8} = {B9844FF0-CC5C-BB43-8572-7AE4DF1DC0F8}
		{C3AE0F29-38A4-BC42-A7EF-E9BC42FA4E66} = {C3AE0F29-38A4-BC42-A7EF-E9BC42FA4E66}
		{EC528EAE-5128-404C-8CA5-0B29EF4CEF96} = {EC528EAE-5128-404C-8CA5-0B29EF4CEF96}
		{CE82FD06-9910-194D-B2C6-C2E722E10C76} = {CE82FD06-9910-194D-B2C6-C2E722E10C76}
		{B02C8A03-BE9E-014E-ADA0-FDFC82999A26} = {B02C8A03-BE9E-014E-ADA0-FDFC82999A26}
		{931CD25D-1A24-6E44-9087-09F2907359CA} = {931CD25D-1A24-6E44-9087-09F2907359CA}
	EndProjectSection
EndProject
Project("{8BC9CEB8-8B4A-11D0-8D11-00A0C91BC942}") = "OpenGLSupport", "OpenGLSupport.vcxproj", "{27E81CD5-D9C8-4C43-B93A-7F52A2160E81}"
EndProject
Project("{8BC9CEB8-8B4A-11D0-8D11-00A0C91BC942}") = "HACD", "HACD.vcxproj", "{8D4E12DE-BB9D-844F-B243-F158F93B7DEA}"
EndProject
Project("{8BC9CEB8-8B4A-11D0-8D11-00A0C91BC942}") = "ConvexDecomposition", "ConvexDecomposition.vcxproj", "{FE93B7C8-0FAE-354D-A622-4E336C0C8C87}"
EndProject
Project("{8BC9CEB8-8B4A-11D0-8D11-00A0C91BC942}") = "BulletFileLoader", "BulletFileLoader.vcxproj", "{B02C8A03-BE9E-014E-ADA0-FDFC82999A26}"
EndProject
Project("{8BC9CEB8-8B4A-11D0-8D11-00A0C91BC942}") = "BulletWorldImporter", "BulletWorldImporter.vcxproj", "{931CD25D-1A24-6E44-9087-09F2907359CA}"
EndProject
Project("{8BC9CEB8-8B4A-11D0-8D11-00A0C91BC942}") = "LinearMath", "LinearMath.vcxproj", "{B9844FF0-CC5C-BB43-8572-7AE4DF1DC0F8}"
EndProject
Project("{8BC9CEB8-8B4A-11D0-8D11-00A0C91BC942}") = "BulletCollision", "BulletCollision.vcxproj", "{C3AE0F29-38A4-BC42-A7EF-E9BC42FA4E66}"
EndProject
Project("{8BC9CEB8-8B4A-11D0-8D11-00A0C91BC942}") = "BulletDynamics", "BulletDynamics.vcxproj", "{EC528EAE-5128-404C-8CA5-0B29EF4CEF96}"
EndProject
Project("{8BC9CEB8-8B4A-11D0-8D11-00A0C91BC942}") = "BulletSoftBody", "BulletSoftBody.vcxproj", "{CE82FD06-9910-194D-B2C6-C2E722E10C76}"
EndProject
Global
	GlobalSection(SolutionConfigurationPlatforms) = preSolution
		Release|Win32 = Release|Win32
		Release|x64 = Release|x64
		Debug|Win32 = Debug|Win32
		Debug|x64 = Debug|x64
	EndGlobalSection
	GlobalSection(ProjectConfigurationPlatforms) = postSolution
		{FD16B067-6432-5B4F-B8F8-61081E835885}.Release|Win32.ActiveCfg = Release|Win32
		{FD16B067-6432-5B4F-B8F8-61081E835885}.Release|Win32.Build.0 = Release|Win32
		{FD16B067-6432-5B4F-B8F8-61081E835885}.Release|x64.ActiveCfg = Release|x64
		{FD16B067-6432-5B4F-B8F8-61081E835885}.Release|x64.Build.0 = Release|x64
		{FD16B067-6432-5B4F-B8F8-61081E835885}.Debug|Win32.ActiveCfg = Debug|Win32
		{FD16B067-6432-5B4F-B8F8-61081E835885}.Debug|Win32.Build.0 = Debug|Win32
		{FD16B067-6432-5B4F-B8F8-61081E835885}.Debug|x64.ActiveCfg = Debug|x64
		{FD16B067-6432-5B4F-B8F8-61081E835885}.Debug|x64.Build.0 = Debug|x64
		{6F47CF8F-EB66-9047-88F3-FBC335B61ACC}.Release|Win32.ActiveCfg = Release|Win32
		{6F47CF8F-EB66-9047-88F3-FBC335B61ACC}.Release|Win32.Build.0 = Release|Win32
		{6F47CF8F-EB66-9047-88F3-FBC335B61ACC}.Release|x64.ActiveCfg = Release|x64
		{6F47CF8F-EB66-9047-88F3-FBC335B61ACC}.Release|x64.Build.0 = Release|x64
		{6F47CF8F-EB66-9047-88F3-FBC335B61ACC}.Debug|Win32.ActiveCfg = Debug|Win32
		{6F47CF8F-EB66-9047-88F3-FBC335B61ACC}.Debug|Win32.Build.0 = Debug|Win32
		{6F47CF8F-EB66-9047-88F3-FBC335B61ACC}.Debug|x64.ActiveCfg = Debug|x64
		{6F47CF8F-EB66-9047-88F3-FBC335B61ACC}.Debug|x64.Build.0 = Debug|x64
		{915E1065-26A4-F74A-AAF5-81B86ACD31CB}.Release|Win32.ActiveCfg = Release|Win32
		{915E1065-26A4-F74A-AAF5-81B86ACD31CB}.Release|Win32.Build.0 = Release|Win32
		{915E1065-26A4-F74A-AAF5-81B86ACD31CB}.Release|x64.ActiveCfg = Release|x64
		{915E1065-26A4-F74A-AAF5-81B86ACD31CB}.Release|x64.Build.0 = Release|x64
		{915E1065-26A4-F74A-AAF5-81B86ACD31CB}.Debug|Win32.ActiveCfg = Debug|Win32
		{915E1065-26A4-F74A-AAF5-81B86ACD31CB}.Debug|Win32.Build.0 = Debug|Win32
		{915E1065-26A4-F74A-AAF5-81B86ACD31CB}.Debug|x64.ActiveCfg = Debug|x64
		{915E1065-26A4-F74A-AAF5-81B86ACD31CB}.Debug|x64.Build.0 = Debug|x64
		{3B259C12-49C5-4047-9B8E-DA3D4C532615}.Release|Win32.ActiveCfg = Release|Win32
		{3B259C12-49C5-4047-9B8E-DA3D4C532615}.Release|Win32.Build.0 = Release|Win32
		{3B259C12-49C5-4047-9B8E-DA3D4C532615}.Release|x64.ActiveCfg = Release|x64
		{3B259C12-49C5-4047-9B8E-DA3D4C532615}.Release|x64.Build.0 = Release|x64
		{3B259C12-49C5-4047-9B8E-DA3D4C532615}.Debug|Win32.ActiveCfg = Debug|Win32
		{3B259C12-49C5-4047-9B8E-DA3D4C532615}.Debug|Win32.Build.0 = Debug|Win32
		{3B259C12-49C5-4047-9B8E-DA3D4C532615}.Debug|x64.ActiveCfg = Debug|x64
		{3B259C12-49C5-4047-9B8E-DA3D4C532615}.Debug|x64.Build.0 = Debug|x64
		{5C71D324-5905-154A-BF0C-D00CFB353994}.Release|Win32.ActiveCfg = Release|Win32
		{5C71D324-5905-154A-BF0C-D00CFB353994}.Release|Win32.Build.0 = Release|Win32
		{5C71D324-5905-154A-BF0C-D00CFB353994}.Release|x64.ActiveCfg = Release|x64
		{5C71D324-5905-154A-BF0C-D00CFB353994}.Release|x64.Build.0 = Release|x64
		{5C71D324-5905-154A-BF0C-D00CFB353994}.Debug|Win32.ActiveCfg = Debug|Win32
		{5C71D324-5905-154A-BF0C-D00CFB353994}.Debug|Win32.Build.0 = Debug|Win32
		{5C71D324-5905-154A-BF0C-D00CFB353994}.Debug|x64.ActiveCfg = Debug|x64
		{5C71D324-5905-154A-BF0C-D00CFB353994}.Debug|x64.Build.0 = Debug|x64
		{4082F598-B319-844E-BC8F-50C70F4CD561}.Release|Win32.ActiveCfg = Release|Win32
		{4082F598-B319-844E-BC8F-50C70F4CD561}.Release|Win32.Build.0 = Release|Win32
		{4082F598-B319-844E-BC8F-50C70F4CD561}.Release|x64.ActiveCfg = Release|x64
		{4082F598-B319-844E-BC8F-50C70F4CD561}.Release|x64.Build.0 = Release|x64
		{4082F598-B319-844E-BC8F-50C70F4CD561}.Debug|Win32.ActiveCfg = Debug|Win32
		{4082F598-B319-844E-BC8F-50C70F4CD561}.Debug|Win32.Build.0 = Debug|Win32
		{4082F598-B319-844E-BC8F-50C70F4CD561}.Debug|x64.ActiveCfg = Debug|x64
		{4082F598-B319-844E-BC8F-50C70F4CD561}.Debug|x64.Build.0 = Debug|x64
		{3002BA00-C5E0-B44B-B8A8-ADBA368597FD}.Release|Win32.ActiveCfg = Release|Win32
		{3002BA00-C5E0-B44B-B8A8-ADBA368597FD}.Release|Win32.Build.0 = Release|Win32
		{3002BA00-C5E0-B44B-B8A8-ADBA368597FD}.Release|x64.ActiveCfg = Release|x64
		{3002BA00-C5E0-B44B-B8A8-ADBA368597FD}.Release|x64.Build.0 = Release|x64
		{3002BA00-C5E0-B44B-B8A8-ADBA368597FD}.Debug|Win32.ActiveCfg = Debug|Win32
		{3002BA00-C5E0-B44B-B8A8-ADBA368597FD}.Debug|Win32.Build.0 = Debug|Win32
		{3002BA00-C5E0-B44B-B8A8-ADBA368597FD}.Debug|x64.ActiveCfg = Debug|x64
		{3002BA00-C5E0-B44B-B8A8-ADBA368597FD}.Debug|x64.Build.0 = Debug|x64
		{392460C4-0BEC-3D44-AE86-A0A19FDEAB22}.Release|Win32.ActiveCfg = Release|Win32
		{392460C4-0BEC-3D44-AE86-A0A19FDEAB22}.Release|Win32.Build.0 = Release|Win32
		{392460C4-0BEC-3D44-AE86-A0A19FDEAB22}.Release|x64.ActiveCfg = Release|x64
		{392460C4-0BEC-3D44-AE86-A0A19FDEAB22}.Release|x64.Build.0 = Release|x64
		{392460C4-0BEC-3D44-AE86-A0A19FDEAB22}.Debug|Win32.ActiveCfg = Debug|Win32
		{392460C4-0BEC-3D44-AE86-A0A19FDEAB22}.Debug|Win32.Build.0 = Debug|Win32
		{392460C4-0BEC-3D44-AE86-A0A19FDEAB22}.Debug|x64.ActiveCfg = Debug|x64
		{392460C4-0BEC-3D44-AE86-A0A19FDEAB22}.Debug|x64.Build.0 = Debug|x64
		{0F52EB93-A6DF-9044-A873-204BA5732B93}.Release|Win32.ActiveCfg = Release|Win32
		{0F52EB93-A6DF-9044-A873-204BA5732B93}.Release|Win32.Build.0 = Release|Win32
		{0F52EB93-A6DF-9044-A873-204BA5732B93}.Release|x64.ActiveCfg = Release|x64
		{0F52EB93-A6DF-9044-A873-204BA5732B93}.Release|x64.Build.0 = Release|x64
		{0F52EB93-A6DF-9044-A873-204BA5732B93}.Debug|Win32.ActiveCfg = Debug|Win32
		{0F52EB93-A6DF-9044-A873-204BA5732B93}.Debug|Win32.Build.0 = Debug|Win32
		{0F52EB93-A6DF-9044-A873-204BA5732B93}.Debug|x64.ActiveCfg = Debug|x64
		{0F52EB93-A6DF-9044-A873-204BA5732B93}.Debug|x64.Build.0 = Debug|x64
		{4CC2FCFB-0515-7E42-989C-C4DA88FBE9A0}.Release|Win32.ActiveCfg = Release|Win32
		{4CC2FCFB-0515-7E42-989C-C4DA88FBE9A0}.Release|Win32.Build.0 = Release|Win32
		{4CC2FCFB-0515-7E42-989C-C4DA88FBE9A0}.Release|x64.ActiveCfg = Release|x64
		{4CC2FCFB-0515-7E42-989C-C4DA88FBE9A0}.Release|x64.Build.0 = Release|x64
		{4CC2FCFB-0515-7E42-989C-C4DA88FBE9A0}.Debug|Win32.ActiveCfg = Debug|Win32
		{4CC2FCFB-0515-7E42-989C-C4DA88FBE9A0}.Debug|Win32.Build.0 = Debug|Win32
		{4CC2FCFB-0515-7E42-989C-C4DA88FBE9A0}.Debug|x64.ActiveCfg = Debug|x64
		{4CC2FCFB-0515-7E42-989C-C4DA88FBE9A0}.Debug|x64.Build.0 = Debug|x64
		{06EDBCD4-B299-F146-81D9-410428A782BD}.Release|Win32.ActiveCfg = Release|Win32
		{06EDBCD4-B299-F146-81D9-410428A782BD}.Release|Win32.Build.0 = Release|Win32
		{06EDBCD4-B299-F146-81D9-410428A782BD}.Release|x64.ActiveCfg = Release|x64
		{06EDBCD4-B299-F146-81D9-410428A782BD}.Release|x64.Build.0 = Release|x64
		{06EDBCD4-B299-F146-81D9-410428A782BD}.Debug|Win32.ActiveCfg = Debug|Win32
		{06EDBCD4-B299-F146-81D9-410428A782BD}.Debug|Win32.Build.0 = Debug|Win32
		{06EDBCD4-B299-F146-81D9-410428A782BD}.Debug|x64.ActiveCfg = Debug|x64
		{06EDBCD4-B299-F146-81D9-410428A782BD}.Debug|x64.Build.0 = Debug|x64
		{04861E37-3B22-6640-99AB-7F3CF2506150}.Release|Win32.ActiveCfg = Release|Win32
		{04861E37-3B22-6640-99AB-7F3CF2506150}.Release|Win32.Build.0 = Release|Win32
		{04861E37-3B22-6640-99AB-7F3CF2506150}.Release|x64.ActiveCfg = Release|x64
		{04861E37-3B22-6640-99AB-7F3CF2506150}.Release|x64.Build.0 = Release|x64
		{04861E37-3B22-6640-99AB-7F3CF2506150}.Debug|Win32.ActiveCfg = Debug|Win32
		{04861E37-3B22-6640-99AB-7F3CF2506150}.Debug|Win32.Build.0 = Debug|Win32
		{04861E37-3B22-6640-99AB-7F3CF2506150}.Debug|x64.ActiveCfg = Debug|x64
		{04861E37-3B22-6640-99AB-7F3CF2506150}.Debug|x64.Build.0 = Debug|x64
		{90483220-37D8-D048-A588-CEA7B3348899}.Release|Win32.ActiveCfg = Release|Win32
		{90483220-37D8-D048-A588-CEA7B3348899}.Release|Win32.Build.0 = Release|Win32
		{90483220-37D8-D048-A588-CEA7B3348899}.Release|x64.ActiveCfg = Release|x64
		{90483220-37D8-D048-A588-CEA7B3348899}.Release|x64.Build.0 = Release|x64
		{90483220-37D8-D048-A588-CEA7B3348899}.Debug|Win32.ActiveCfg = Debug|Win32
		{90483220-37D8-D048-A588-CEA7B3348899}.Debug|Win32.Build.0 = Debug|Win32
		{90483220-37D8-D048-A588-CEA7B3348899}.Debug|x64.ActiveCfg = Debug|x64
		{90483220-37D8-D048-A588-CEA7B3348899}.Debug|x64.Build.0 = Debug|x64
		{23828072-B6D8-E441-A994-ECF92A81B30D}.Release|Win32.ActiveCfg = Release|Win32
		{23828072-B6D8-E441-A994-ECF92A81B30D}.Release|Win32.Build.0 = Release|Win32
		{23828072-B6D8-E441-A994-ECF92A81B30D}.Release|x64.ActiveCfg = Release|x64
		{23828072-B6D8-E441-A994-ECF92A81B30D}.Release|x64.Build.0 = Release|x64
		{23828072-B6D8-E441-A994-ECF92A81B30D}.Debug|Win32.ActiveCfg = Debug|Win32
		{23828072-B6D8-E441-A994-ECF92A81B30D}.Debug|Win32.Build.0 = Debug|Win32
		{23828072-B6D8-E441-A994-ECF92A81B30D}.Debug|x64.ActiveCfg = Debug|x64
		{23828072-B6D8-E441-A994-ECF92A81B30D}.Debug|x64.Build.0 = Debug|x64
		{CE7D7FCF-10EC-DA40-9166-21687C03FA8D}.Release|Win32.ActiveCfg = Release|Win32
		{CE7D7FCF-10EC-DA40-9166-21687C03FA8D}.Release|Win32.Build.0 = Release|Win32
		{CE7D7FCF-10EC-DA40-9166-21687C03FA8D}.Release|x64.ActiveCfg = Release|x64
		{CE7D7FCF-10EC-DA40-9166-21687C03FA8D}.Release|x64.Build.0 = Release|x64
		{CE7D7FCF-10EC-DA40-9166-21687C03FA8D}.Debug|Win32.ActiveCfg = Debug|Win32
		{CE7D7FCF-10EC-DA40-9166-21687C03FA8D}.Debug|Win32.Build.0 = Debug|Win32
		{CE7D7FCF-10EC-DA40-9166-21687C03FA8D}.Debug|x64.ActiveCfg = Debug|x64
		{CE7D7FCF-10EC-DA40-9166-21687C03FA8D}.Debug|x64.Build.0 = Debug|x64
		{51F9F422-1F83-A34D-9768-B89C040106D6}.Release|Win32.ActiveCfg = Release|Win32
		{51F9F422-1F83-A34D-9768-B89C040106D6}.Release|Win32.Build.0 = Release|Win32
		{51F9F422-1F83-A34D-9768-B89C040106D6}.Release|x64.ActiveCfg = Release|x64
		{51F9F422-1F83-A34D-9768-B89C040106D6}.Release|x64.Build.0 = Release|x64
		{51F9F422-1F83-A34D-9768-B89C040106D6}.Debug|Win32.ActiveCfg = Debug|Win32
		{51F9F422-1F83-A34D-9768-B89C040106D6}.Debug|Win32.Build.0 = Debug|Win32
		{51F9F422-1F83-A34D-9768-B89C040106D6}.Debug|x64.ActiveCfg = Debug|x64
		{51F9F422-1F83-A34D-9768-B89C040106D6}.Debug|x64.Build.0 = Debug|x64
		{1CCB68E6-FC8D-EC45-A61C-B98564646DF1}.Release|Win32.ActiveCfg = Release|Win32
		{1CCB68E6-FC8D-EC45-A61C-B98564646DF1}.Release|Win32.Build.0 = Release|Win32
		{1CCB68E6-FC8D-EC45-A61C-B98564646DF1}.Release|x64.ActiveCfg = Release|x64
		{1CCB68E6-FC8D-EC45-A61C-B98564646DF1}.Release|x64.Build.0 = Release|x64
		{1CCB68E6-FC8D-EC45-A61C-B98564646DF1}.Debug|Win32.ActiveCfg = Debug|Win32
		{1CCB68E6-FC8D-EC45-A61C-B98564646DF1}.Debug|Win32.Build.0 = Debug|Win32
		{1CCB68E6-FC8D-EC45-A61C-B98564646DF1}.Debug|x64.ActiveCfg = Debug|x64
		{1CCB68E6-FC8D-EC45-A61C-B98564646DF1}.Debug|x64.Build.0 = Debug|x64
		{E35E1B95-66C5-5E46-B763-DDAE25C9F047}.Release|Win32.ActiveCfg = Release|Win32
		{E35E1B95-66C5-5E46-B763-DDAE25C9F047}.Release|Win32.Build.0 = Release|Win32
		{E35E1B95-66C5-5E46-B763-DDAE25C9F047}.Release|x64.ActiveCfg = Release|x64
		{E35E1B95-66C5-5E46-B763-DDAE25C9F047}.Release|x64.Build.0 = Release|x64
		{E35E1B95-66C5-5E46-B763-DDAE25C9F047}.Debug|Win32.ActiveCfg = Debug|Win32
		{E35E1B95-66C5-5E46-B763-DDAE25C9F047}.Debug|Win32.Build.0 = Debug|Win32
		{E35E1B95-66C5-5E46-B763-DDAE25C9F047}.Debug|x64.ActiveCfg = Debug|x64
		{E35E1B95-66C5-5E46-B763-DDAE25C9F047}.Debug|x64.Build.0 = Debug|x64
		{F7376079-2D6F-CD43-9E9A-42E4F1C08FF0}.Release|Win32.ActiveCfg = Release|Win32
		{F7376079-2D6F-CD43-9E9A-42E4F1C08FF0}.Release|Win32.Build.0 = Release|Win32
		{F7376079-2D6F-CD43-9E9A-42E4F1C08FF0}.Release|x64.ActiveCfg = Release|x64
		{F7376079-2D6F-CD43-9E9A-42E4F1C08FF0}.Release|x64.Build.0 = Release|x64
		{F7376079-2D6F-CD43-9E9A-42E4F1C08FF0}.Debug|Win32.ActiveCfg = Debug|Win32
		{F7376079-2D6F-CD43-9E9A-42E4F1C08FF0}.Debug|Win32.Build.0 = Debug|Win32
		{F7376079-2D6F-CD43-9E9A-42E4F1C08FF0}.Debug|x64.ActiveCfg = Debug|x64
		{F7376079-2D6F-CD43-9E9A-42E4F1C08FF0}.Debug|x64.Build.0 = Debug|x64
		{F40322F1-3299-B94C-B29F-68DA442929D3}.Release|Win32.ActiveCfg = Release|Win32
		{F40322F1-3299-B94C-B29F-68DA442929D3}.Release|Win32.Build.0 = Release|Win32
		{F40322F1-3299-B94C-B29F-68DA442929D3}.Release|x64.ActiveCfg = Release|x64
		{F40322F1-3299-B94C-B29F-68DA442929D3}.Release|x64.Build.0 = Release|x64
		{F40322F1-3299-B94C-B29F-68DA442929D3}.Debug|Win32.ActiveCfg = Debug|Win32
		{F40322F1-3299-B94C-B29F-68DA442929D3}.Debug|Win32.Build.0 = Debug|Win32
		{F40322F1-3299-B94C-B29F-68DA442929D3}.Debug|x64.ActiveCfg = Debug|x64
		{F40322F1-3299-B94C-B29F-68DA442929D3}.Debug|x64.Build.0 = Debug|x64
		{D2F29B6E-9393-B345-B656-F5245690459C}.Release|Win32.ActiveCfg = Release|Win32
		{D2F29B6E-9393-B345-B656-F5245690459C}.Release|Win32.Build.0 = Release|Win32
		{D2F29B6E-9393-B345-B656-F5245690459C}.Release|x64.ActiveCfg = Release|x64
		{D2F29B6E-9393-B345-B656-F5245690459C}.Release|x64.Build.0 = Release|x64
		{D2F29B6E-9393-B345-B656-F5245690459C}.Debug|Win32.ActiveCfg = Debug|Win32
		{D2F29B6E-9393-B345-B656-F5245690459C}.Debug|Win32.Build.0 = Debug|Win32
		{D2F29B6E-9393-B345-B656-F5245690459C}.Debug|x64.ActiveCfg = Debug|x64
		{D2F29B6E-9393-B345-B656-F5245690459C}.Debug|x64.Build.0 = Debug|x64
		{5196D230-B3C6-394F-A8B1-21F9AC681ACE}.Release|Win32.ActiveCfg = Release|Win32
		{5196D230-B3C6-394F-A8B1-21F9AC681ACE}.Release|Win32.Build.0 = Release|Win32
		{5196D230-B3C6-394F-A8B1-21F9AC681ACE}.Release|x64.ActiveCfg = Release|x64
		{5196D230-B3C6-394F-A8B1-21F9AC681ACE}.Release|x64.Build.0 = Release|x64
		{5196D230-B3C6-394F-A8B1-21F9AC681ACE}.Debug|Win32.ActiveCfg = Debug|Win32
		{5196D230-B3C6-394F-A8B1-21F9AC681ACE}.Debug|Win32.Build.0 = Debug|Win32
		{5196D230-B3C6-394F-A8B1-21F9AC681ACE}.Debug|x64.ActiveCfg = Debug|x64
		{5196D230-B3C6-394F-A8B1-21F9AC681ACE}.Debug|x64.Build.0 = Debug|x64
		{5300BF29-3803-3D44-BCEC-5B00D92AD860}.Release|Win32.ActiveCfg = Release|Win32
		{5300BF29-3803-3D44-BCEC-5B00D92AD860}.Release|Win32.Build.0 = Release|Win32
		{5300BF29-3803-3D44-BCEC-5B00D92AD860}.Release|x64.ActiveCfg = Release|x64
		{5300BF29-3803-3D44-BCEC-5B00D92AD860}.Release|x64.Build.0 = Release|x64
		{5300BF29-3803-3D44-BCEC-5B00D92AD860}.Debug|Win32.ActiveCfg = Debug|Win32
		{5300BF29-3803-3D44-BCEC-5B00D92AD860}.Debug|Win32.Build.0 = Debug|Win32
		{5300BF29-3803-3D44-BCEC-5B00D92AD860}.Debug|x64.ActiveCfg = Debug|x64
		{5300BF29-3803-3D44-BCEC-5B00D92AD860}.Debug|x64.Build.0 = Debug|x64
		{D1E198EF-8F46-FD46-831E-48A9DD026872}.Release|Win32.ActiveCfg = Release|Win32
		{D1E198EF-8F46-FD46-831E-48A9DD026872}.Release|Win32.Build.0 = Release|Win32
		{D1E198EF-8F46-FD46-831E-48A9DD026872}.Release|x64.ActiveCfg = Release|x64
		{D1E198EF-8F46-FD46-831E-48A9DD026872}.Release|x64.Build.0 = Release|x64
		{D1E198EF-8F46-FD46-831E-48A9DD026872}.Debug|Win32.ActiveCfg = Debug|Win32
		{D1E198EF-8F46-FD46-831E-48A9DD026872}.Debug|Win32.Build.0 = Debug|Win32
		{D1E198EF-8F46-FD46-831E-48A9DD026872}.Debug|x64.ActiveCfg = Debug|x64
		{D1E198EF-8F46-FD46-831E-48A9DD026872}.Debug|x64.Build.0 = Debug|x64
		{0AC94B76-0795-8C43-B63F-47EBD9EF766D}.Release|Win32.ActiveCfg = Release|Win32
		{0AC94B76-0795-8C43-B63F-47EBD9EF766D}.Release|Win32.Build.0 = Release|Win32
		{0AC94B76-0795-8C43-B63F-47EBD9EF766D}.Release|x64.ActiveCfg = Release|x64
		{0AC94B76-0795-8C43-B63F-47EBD9EF766D}.Release|x64.Build.0 = Release|x64
		{0AC94B76-0795-8C43-B63F-47EBD9EF766D}.Debug|Win32.ActiveCfg = Debug|Win32
		{0AC94B76-0795-8C43-B63F-47EBD9EF766D}.Debug|Win32.Build.0 = Debug|Win32
		{0AC94B76-0795-8C43-B63F-47EBD9EF766D}.Debug|x64.ActiveCfg = Debug|x64
		{0AC94B76-0795-8C43-B63F-47EBD9EF766D}.Debug|x64.Build.0 = Debug|x64
		{72F8B9EB-D901-2249-B192-E1393A11114D}.Release|Win32.ActiveCfg = Release|Win32
		{72F8B9EB-D901-2249-B192-E1393A11114D}.Release|Win32.Build.0 = Release|Win32
		{72F8B9EB-D901-2249-B192-E1393A11114D}.Release|x64.ActiveCfg = Release|x64
		{72F8B9EB-D901-2249-B192-E1393A11114D}.Release|x64.Build.0 = Release|x64
		{72F8B9EB-D901-2249-B192-E1393A11114D}.Debug|Win32.ActiveCfg = Debug|Win32
		{72F8B9EB-D901-2249-B192-E1393A11114D}.Debug|Win32.Build.0 = Debug|Win32
		{72F8B9EB-D901-2249-B192-E1393A11114D}.Debug|x64.ActiveCfg = Debug|x64
		{72F8B9EB-D901-2249-B192-E1393A11114D}.Debug|x64.Build.0 = Debug|x64
		{C0011044-B997-1F4B-913C-38142C7159CE}.Release|Win32.ActiveCfg = Release|Win32
		{C0011044-B997-1F4B-913C-38142C7159CE}.Release|Win32.Build.0 = Release|Win32
		{C0011044-B997-1F4B-913C-38142C7159CE}.Release|x64.ActiveCfg = Release|x64
		{C0011044-B997-1F4B-913C-38142C7159CE}.Release|x64.Build.0 = Release|x64
		{C0011044-B997-1F4B-913C-38142C7159CE}.Debug|Win32.ActiveCfg = Debug|Win32
		{C0011044-B997-1F4B-913C-38142C7159CE}.Debug|Win32.Build.0 = Debug|Win32
		{C0011044-B997-1F4B-913C-38142C7159CE}.Debug|x64.ActiveCfg = Debug|x64
		{C0011044-B997-1F4B-913C-38142C7159CE}.Debug|x64.Build.0 = Debug|x64
		{3770FFF9-577C-BA4B-A79B-A8522690600F}.Release|Win32.ActiveCfg = Release|Win32
		{3770FFF9-577C-BA4B-A79B-A8522690600F}.Release|Win32.Build.0 = Release|Win32
		{3770FFF9-577C-BA4B-A79B-A8522690600F}.Release|x64.ActiveCfg = Release|x64
		{3770FFF9-577C-BA4B-A79B-A8522690600F}.Release|x64.Build.0 = Release|x64
		{3770FFF9-577C-BA4B-A79B-A8522690600F}.Debug|Win32.ActiveCfg = Debug|Win32
		{3770FFF9-577C-BA4B-A79B-A8522690600F}.Debug|Win32.Build.0 = Debug|Win32
		{3770FFF9-577C-BA4B-A79B-A8522690600F}.Debug|x64.ActiveCfg = Debug|x64
		{3770FFF9-577C-BA4B-A79B-A8522690600F}.Debug|x64.Build.0 = Debug|x64
		{1ECA4480-2587-254E-A8AC-1B8131A56296}.Release|Win32.ActiveCfg = Release|Win32
		{1ECA4480-2587-254E-A8AC-1B8131A56296}.Release|Win32.Build.0 = Release|Win32
		{1ECA4480-2587-254E-A8AC-1B8131A56296}.Release|x64.ActiveCfg = Release|x64
		{1ECA4480-2587-254E-A8AC-1B8131A56296}.Release|x64.Build.0 = Release|x64
		{1ECA4480-2587-254E-A8AC-1B8131A56296}.Debug|Win32.ActiveCfg = Debug|Win32
		{1ECA4480-2587-254E-A8AC-1B8131A56296}.Debug|Win32.Build.0 = Debug|Win32
		{1ECA4480-2587-254E-A8AC-1B8131A56296}.Debug|x64.ActiveCfg = Debug|x64
		{1ECA4480-2587-254E-A8AC-1B8131A56296}.Debug|x64.Build.0 = Debug|x64
		{FE290427-42AD-3A49-8E34-07BB61FBC18F}.Release|Win32.ActiveCfg = Release|Win32
		{FE290427-42AD-3A49-8E34-07BB61FBC18F}.Release|Win32.Build.0 = Release|Win32
		{FE290427-42AD-3A49-8E34-07BB61FBC18F}.Release|x64.ActiveCfg = Release|x64
		{FE290427-42AD-3A49-8E34-07BB61FBC18F}.Release|x64.Build.0 = Release|x64
		{FE290427-42AD-3A49-8E34-07BB61FBC18F}.Debug|Win32.ActiveCfg = Debug|Win32
		{FE290427-42AD-3A49-8E34-07BB61FBC18F}.Debug|Win32.Build.0 = Debug|Win32
		{FE290427-42AD-3A49-8E34-07BB61FBC18F}.Debug|x64.ActiveCfg = Debug|x64
		{FE290427-42AD-3A49-8E34-07BB61FBC18F}.Debug|x64.Build.0 = Debug|x64
		{DC46B373-381D-974C-AA4B-E960667968E2}.Release|Win32.ActiveCfg = Release|Win32
		{DC46B373-381D-974C-AA4B-E960667968E2}.Release|Win32.Build.0 = Release|Win32
		{DC46B373-381D-974C-AA4B-E960667968E2}.Release|x64.ActiveCfg = Release|x64
		{DC46B373-381D-974C-AA4B-E960667968E2}.Release|x64.Build.0 = Release|x64
		{DC46B373-381D-974C-AA4B-E960667968E2}.Debug|Win32.ActiveCfg = Debug|Win32
		{DC46B373-381D-974C-AA4B-E960667968E2}.Debug|Win32.Build.0 = Debug|Win32
		{DC46B373-381D-974C-AA4B-E960667968E2}.Debug|x64.ActiveCfg = Debug|x64
		{DC46B373-381D-974C-AA4B-E960667968E2}.Debug|x64.Build.0 = Debug|x64
		{E61536DC-5E2D-3744-874C-19845185A326}.Release|Win32.ActiveCfg = Release|Win32
		{E61536DC-5E2D-3744-874C-19845185A326}.Release|Win32.Build.0 = Release|Win32
		{E61536DC-5E2D-3744-874C-19845185A326}.Release|x64.ActiveCfg = Release|x64
		{E61536DC-5E2D-3744-874C-19845185A326}.Release|x64.Build.0 = Release|x64
		{E61536DC-5E2D-3744-874C-19845185A326}.Debug|Win32.ActiveCfg = Debug|Win32
		{E61536DC-5E2D-3744-874C-19845185A326}.Debug|Win32.Build.0 = Debug|Win32
		{E61536DC-5E2D-3744-874C-19845185A326}.Debug|x64.ActiveCfg = Debug|x64
		{E61536DC-5E2D-3744-874C-19845185A326}.Debug|x64.Build.0 = Debug|x64
		{A811ADE4-E63B-964A-A880-ED1B92313E80}.Release|Win32.ActiveCfg = Release|Win32
		{A811ADE4-E63B-964A-A880-ED1B92313E80}.Release|Win32.Build.0 = Release|Win32
		{A811ADE4-E63B-964A-A880-ED1B92313E80}.Release|x64.ActiveCfg = Release|x64
		{A811ADE4-E63B-964A-A880-ED1B92313E80}.Release|x64.Build.0 = Release|x64
		{A811ADE4-E63B-964A-A880-ED1B92313E80}.Debug|Win32.ActiveCfg = Debug|Win32
		{A811ADE4-E63B-964A-A880-ED1B92313E80}.Debug|Win32.Build.0 = Debug|Win32
		{A811ADE4-E63B-964A-A880-ED1B92313E80}.Debug|x64.ActiveCfg = Debug|x64
		{A811ADE4-E63B-964A-A880-ED1B92313E80}.Debug|x64.Build.0 = Debug|x64
		{27E81CD5-D9C8-4C43-B93A-7F52A2160E81}.Release|Win32.ActiveCfg = Release|Win32
		{27E81CD5-D9C8-4C43-B93A-7F52A2160E81}.Release|Win32.Build.0 = Release|Win32
		{27E81CD5-D9C8-4C43-B93A-7F52A2160E81}.Release|x64.ActiveCfg = Release|x64
		{27E81CD5-D9C8-4C43-B93A-7F52A2160E81}.Release|x64.Build.0 = Release|x64
		{27E81CD5-D9C8-4C43-B93A-7F52A2160E81}.Debug|Win32.ActiveCfg = Debug|Win32
		{27E81CD5-D9C8-4C43-B93A-7F52A2160E81}.Debug|Win32.Build.0 = Debug|Win32
		{27E81CD5-D9C8-4C43-B93A-7F52A2160E81}.Debug|x64.ActiveCfg = Debug|x64
		{27E81CD5-D9C8-4C43-B93A-7F52A2160E81}.Debug|x64.Build.0 = Debug|x64
		{8D4E12DE-BB9D-844F-B243-F158F93B7DEA}.Release|Win32.ActiveCfg = Release|Win32
		{8D4E12DE-BB9D-844F-B243-F158F93B7DEA}.Release|Win32.Build.0 = Release|Win32
		{8D4E12DE-BB9D-844F-B243-F158F93B7DEA}.Release|x64.ActiveCfg = Release|x64
		{8D4E12DE-BB9D-844F-B243-F158F93B7DEA}.Release|x64.Build.0 = Release|x64
		{8D4E12DE-BB9D-844F-B243-F158F93B7DEA}.Debug|Win32.ActiveCfg = Debug|Win32
		{8D4E12DE-BB9D-844F-B243-F158F93B7DEA}.Debug|Win32.Build.0 = Debug|Win32
		{8D4E12DE-BB9D-844F-B243-F158F93B7DEA}.Debug|x64.ActiveCfg = Debug|x64
		{8D4E12DE-BB9D-844F-B243-F158F93B7DEA}.Debug|x64.Build.0 = Debug|x64
		{FE93B7C8-0FAE-354D-A622-4E336C0C8C87}.Release|Win32.ActiveCfg = Release|Win32
		{FE93B7C8-0FAE-354D-A622-4E336C0C8C87}.Release|Win32.Build.0 = Release|Win32
		{FE93B7C8-0FAE-354D-A622-4E336C0C8C87}.Release|x64.ActiveCfg = Release|x64
		{FE93B7C8-0FAE-354D-A622-4E336C0C8C87}.Release|x64.Build.0 = Release|x64
		{FE93B7C8-0FAE-354D-A622-4E336C0C8C87}.Debug|Win32.ActiveCfg = Debug|Win32
		{FE93B7C8-0FAE-354D-A622-4E336C0C8C87}.Debug|Win32.Build.0 = Debug|Win32
		{FE93B7C8-0FAE-354D-A622-4E336C0C8C87}.Debug|x64.ActiveCfg = Debug|x64
		{FE93B7C8-0FAE-354D-A622-4E336C0C8C87}.Debug|x64.Build.0 = Debug|x64
		{B02C8A03-BE9E-014E-ADA0-FDFC82999A26}.Release|Win32.ActiveCfg = Release|Win32
		{B02C8A03-BE9E-014E-ADA0-FDFC82999A26}.Release|Win32.Build.0 = Release|Win32
		{B02C8A03-BE9E-014E-ADA0-FDFC82999A26}.Release|x64.ActiveCfg = Release|x64
		{B02C8A03-BE9E-014E-ADA0-FDFC82999A26}.Release|x64.Build.0 = Release|x64
		{B02C8A03-BE9E-014E-ADA0-FDFC82999A26}.Debug|Win32.ActiveCfg = Debug|Win32
		{B02C8A03-BE9E-014E-ADA0-FDFC82999A26}.Debug|Win32.Build.0 = Debug|Win32
		{B02C8A03-BE9E-014E-ADA0-FDFC82999A26}.Debug|x64.ActiveCfg = Debug|x64
		{B02C8A03-BE9E-014E-ADA0-FDFC82999A26}.Debug|x64.Build.0 = Debug|x64
		{931CD25D-1A24-6E44-9087-09F2907359CA}.Release|Win32.ActiveCfg = Release|Win32
		{931CD25D-1A24-6E44-9087-09F2907359CA}.Release|Win32.Build.0 = Release|Win32
		{931CD25D-1A24-6E44-9087-09F2907359CA}.Release|x64.ActiveCfg = Release|x64
		{931CD25D-1A24-6E44-9087-09F2907359CA}.Release|x64.Build.0 = Release|x64
		{931CD25D-1A24-6E44-9087-09F2907359CA}.Debug|Win32.ActiveCfg = Debug|Win32
		{931CD25D-1A24-6E44-9087-09F2907359CA}.Debug|Win32.Build.0 = Debug|Win32
		{931CD25D-1A24-6E44-9087-09F2907359CA}.Debug|x64.ActiveCfg = Debug|x64
		{931CD25D-1A24-6E44-9087-09F2907359CA}.Debug|x64.Build.0 = Debug|x64
		{B9844FF0-CC5C-BB43-8572-7AE4DF1DC0F8}.Release|Win32.ActiveCfg = Release|Win32
		{B9844FF0-CC5C-BB43-8572-7AE4DF1DC0F8}.Release|Win32.Build.0 = Release|Win32
		{B9844FF0-CC5C-BB43-8572-7AE4DF1DC0F8}.Release|x64.ActiveCfg = Release|x64
		{B9844FF0-CC5C-BB43-8572-7AE4DF1DC0F8}.Release|x64.Build.0 = Release|x64
		{B9844FF0-CC5C-BB43-8572-7AE4DF1DC0F8}.Debug|Win32.ActiveCfg = Debug|Win32
		{B9844FF0-CC5C-BB43-8572-7AE4DF1DC0F8}.Debug|Win32.Build.0 = Debug|Win32
		{B9844FF0-CC5C-BB43-8572-7AE4DF1DC0F8}.Debug|x64.ActiveCfg = Debug|x64
		{B9844FF0-CC5C-BB43-8572-7AE4DF1DC0F8}.Debug|x64.Build.0 = Debug|x64
		{C3AE0F29-38A4-BC42-A7EF-E9BC42FA4E66}.Release|Win32.ActiveCfg = Release|Win32
		{C3AE0F29-38A4-BC42-A7EF-E9BC42FA4E66}.Release|Win32.Build.0 = Release|Win32
		{C3AE0F29-38A4-BC42-A7EF-E9BC42FA4E66}.Release|x64.ActiveCfg = Release|x64
		{C3AE0F29-38A4-BC42-A7EF-E9BC42FA4E66}.Release|x64.Build.0 = Release|x64
		{C3AE0F29-38A4-BC42-A7EF-E9BC42FA4E66}.Debug|Win32.ActiveCfg = Debug|Win32
		{C3AE0F29-38A4-BC42-A7EF-E9BC42FA4E66}.Debug|Win32.Build.0 = Debug|Win32
		{C3AE0F29-38A4-BC42-A7EF-E9BC42FA4E66}.Debug|x64.ActiveCfg = Debug|x64
		{C3AE0F29-38A4-BC42-A7EF-E9BC42FA4E66}.Debug|x64.Build.0 = Debug|x64
		{EC528EAE-5128-404C-8CA5-0B29EF4CEF96}.Release|Win32.ActiveCfg = Release|Win32
		{EC528EAE-5128-404C-8CA5-0B29EF4CEF96}.Release|Win32.Build.0 = Release|Win32
		{EC528EAE-5128-404C-8CA5-0B29EF4CEF96}.Release|x64.ActiveCfg = Release|x64
		{EC528EAE-5128-404C-8CA5-0B29EF4CEF96}.Release|x64.Build.0 = Release|x64
		{EC528EAE-5128-404C-8CA5-0B29EF4CEF96}.Debug|Win32.ActiveCfg = Debug|Win32
		{EC528EAE-5128-404C-8CA5-0B29EF4CEF96}.Debug|Win32.Build.0 = Debug|Win32
		{EC528EAE-5128-404C-8CA5-0B29EF4CEF96}.Debug|x64.ActiveCfg = Debug|x64
		{EC528EAE-5128-404C-8CA5-0B29EF4CEF96}.Debug|x64.Build.0 = Debug|x64
		{CE82FD06-9910-194D-B2C6-C2E722E10C76}.Release|Win32.ActiveCfg = Release|Win32
		{CE82FD06-9910-194D-B2C6-C2E722E10C76}.Release|Win32.Build.0 = Release|Win32
		{CE82FD06-9910-194D-B2C6-C2E722E10C76}.Release|x64.ActiveCfg = Release|x64
		{CE82FD06-9910-194D-B2C6-C2E722E10C76}.Release|x64.Build.0 = Release|x64
		{CE82FD06-9910-194D-B2C6-C2E722E10C76}.Debug|Win32.ActiveCfg = Debug|Win32
		{CE82FD06-9910-194D-B2C6-C2E722E10C76}.Debug|Win32.Build.0 = Debug|Win32
		{CE82FD06-9910-194D-B2C6-C2E722E10C76}.Debug|x64.ActiveCfg = Debug|x64
		{CE82FD06-9910-194D-B2C6-C2E722E10C76}.Debug|x64.Build.0 = Debug|x64
	EndGlobalSection
	GlobalSection(SolutionProperties) = preSolution
		HideSolutionNode = FALSE
	EndGlobalSection
EndGlobal
