<?xml version="1.0" encoding="utf-8"?>
<Project ToolsVersion="4.0" xmlns="http://schemas.microsoft.com/developer/msbuild/2003">
	<ItemGroup>
		<Filter Include="Demos">
			<UniqueIdentifier>{8B18D2D8-B77F-FA48-B87D-FA4062F4E8EA}</UniqueIdentifier>
		</Filter>
		<Filter Include="Demos\ConcaveDemo">
			<UniqueIdentifier>{A59C1559-0267-F640-81A7-09B2943C4E0D}</UniqueIdentifier>
		</Filter>
	</ItemGroup>
	<ItemGroup>
		<ClInclude Include="..\..\Demos\ConcaveDemo\ConcaveDemo.h">
			<Filter>Demos\ConcaveDemo</Filter>
		</ClInclude>
	</ItemGroup>
	<ItemGroup>
		<ClCompile Include="..\..\Demos\ConcaveDemo\ConcavePhysicsDemo.cpp">
			<Filter>Demos\ConcaveDemo</Filter>
		</ClCompile>
		<ClCompile Include="..\..\Demos\ConcaveDemo\main.cpp">
			<Filter>Demos\ConcaveDemo</Filter>
		</ClCompile>
		<ClCompile Include="..\..\Demos\ConcaveDemo\Win32ConcaveDemo.cpp">
			<Filter>Demos\ConcaveDemo</Filter>
		</ClCompile>
	</ItemGroup>
	<ItemGroup>
		<ResourceCompile Include="..\bullet.rc" />
	</ItemGroup>
</Project>
