<?xml version="1.0" encoding="utf-8"?>
<Project ToolsVersion="4.0" xmlns="http://schemas.microsoft.com/developer/msbuild/2003">
	<ItemGroup>
		<Filter Include="Demos">
			<UniqueIdentifier>{9E6E5A69-6F26-0F4D-B304-56A0E8036435}</UniqueIdentifier>
		</Filter>
		<Filter Include="Demos\SliderConstraintDemo">
			<UniqueIdentifier>{D7188EB2-A30A-764D-8321-23B45F6AF71F}</UniqueIdentifier>
		</Filter>
	</ItemGroup>
	<ItemGroup>
		<ClInclude Include="..\..\Demos\SliderConstraintDemo\SliderConstraintDemo.h">
			<Filter>Demos\SliderConstraintDemo</Filter>
		</ClInclude>
	</ItemGroup>
	<ItemGroup>
		<ClCompile Include="..\..\Demos\SliderConstraintDemo\main.cpp">
			<Filter>Demos\SliderConstraintDemo</Filter>
		</ClCompile>
		<ClCompile Include="..\..\Demos\SliderConstraintDemo\SliderConstraintDemo.cpp">
			<Filter>Demos\SliderConstraintDemo</Filter>
		</ClCompile>
	</ItemGroup>
	<ItemGroup>
		<ResourceCompile Include="..\bullet.rc" />
	</ItemGroup>
</Project>
