<?xml version="1.0" encoding="utf-8"?>
<Project ToolsVersion="4.0" xmlns="http://schemas.microsoft.com/developer/msbuild/2003">
	<ItemGroup>
		<Filter Include="Demos">
			<UniqueIdentifier>{D1285A58-D446-F94B-B30A-AED24E9E578A}</UniqueIdentifier>
		</Filter>
		<Filter Include="Demos\ConcaveRaycastDemo">
			<UniqueIdentifier>{6B0BCBED-0D88-1D42-92A4-7159F41EA298}</UniqueIdentifier>
		</Filter>
	</ItemGroup>
	<ItemGroup>
		<ClInclude Include="..\..\Demos\ConcaveRaycastDemo\ConcaveRaycastDemo.h">
			<Filter>Demos\ConcaveRaycastDemo</Filter>
		</ClInclude>
	</ItemGroup>
	<ItemGroup>
		<ClCompile Include="..\..\Demos\ConcaveRaycastDemo\ConcaveRaycastDemo.cpp">
			<Filter>Demos\ConcaveRaycastDemo</Filter>
		</ClCompile>
		<ClCompile Include="..\..\Demos\ConcaveRaycastDemo\main.cpp">
			<Filter>Demos\ConcaveRaycastDemo</Filter>
		</ClCompile>
	</ItemGroup>
	<ItemGroup>
		<ResourceCompile Include="..\bullet.rc" />
	</ItemGroup>
</Project>
