<?xml version="1.0" encoding="utf-8"?>
<Project ToolsVersion="4.0" xmlns="http://schemas.microsoft.com/developer/msbuild/2003">
	<ItemGroup>
		<Filter Include="Demos">
			<UniqueIdentifier>{44A88F22-B745-234F-A43F-7F40887E52C7}</UniqueIdentifier>
		</Filter>
		<Filter Include="Demos\ForkLiftDemo">
			<UniqueIdentifier>{916DD219-E701-1640-B7A8-5E543161AB5D}</UniqueIdentifier>
		</Filter>
	</ItemGroup>
	<ItemGroup>
		<ClInclude Include="..\..\Demos\ForkLiftDemo\ForkLiftDemo.h">
			<Filter>Demos\ForkLiftDemo</Filter>
		</ClInclude>
	</ItemGroup>
	<ItemGroup>
		<ClCompile Include="..\..\Demos\ForkLiftDemo\ForkLiftDemo.cpp">
			<Filter>Demos\ForkLiftDemo</Filter>
		</ClCompile>
		<ClCompile Include="..\..\Demos\ForkLiftDemo\main.cpp">
			<Filter>Demos\ForkLiftDemo</Filter>
		</ClCompile>
	</ItemGroup>
	<ItemGroup>
		<ResourceCompile Include="..\bullet.rc" />
	</ItemGroup>
</Project>
