<?xml version="1.0" encoding="utf-8"?>
<Project ToolsVersion="4.0" xmlns="http://schemas.microsoft.com/developer/msbuild/2003">
	<ItemGroup>
		<Filter Include="Extras">
			<UniqueIdentifier>{417A2854-9B68-4E46-962F-6C212C259BA0}</UniqueIdentifier>
		</Filter>
		<Filter Include="Extras\Serialize">
			<UniqueIdentifier>{2D983E16-8C83-1040-8844-A277588AFF54}</UniqueIdentifier>
		</Filter>
		<Filter Include="Extras\Serialize\BulletFileLoader">
			<UniqueIdentifier>{9C7F1C95-111A-FB47-834A-AD0CB02792DC}</UniqueIdentifier>
		</Filter>
		<Filter Include="Extras\Serialize\BulletFileLoader\autogenerated">
			<UniqueIdentifier>{DD0A342D-5151-7E41-A259-329FC951AAAD}</UniqueIdentifier>
		</Filter>
	</ItemGroup>
	<ItemGroup>
		<ClInclude Include="..\..\Extras\Serialize\BulletFileLoader\bChunk.h">
			<Filter>Extras\Serialize\BulletFileLoader</Filter>
		</ClInclude>
		<ClInclude Include="..\..\Extras\Serialize\BulletFileLoader\bCommon.h">
			<Filter>Extras\Serialize\BulletFileLoader</Filter>
		</ClInclude>
		<ClInclude Include="..\..\Extras\Serialize\BulletFileLoader\bDefines.h">
			<Filter>Extras\Serialize\BulletFileLoader</Filter>
		</ClInclude>
		<ClInclude Include="..\..\Extras\Serialize\BulletFileLoader\bDNA.h">
			<Filter>Extras\Serialize\BulletFileLoader</Filter>
		</ClInclude>
		<ClInclude Include="..\..\Extras\Serialize\BulletFileLoader\bFile.h">
			<Filter>Extras\Serialize\BulletFileLoader</Filter>
		</ClInclude>
		<ClInclude Include="..\..\Extras\Serialize\BulletFileLoader\btBulletFile.h">
			<Filter>Extras\Serialize\BulletFileLoader</Filter>
		</ClInclude>
		<ClInclude Include="..\..\Extras\Serialize\BulletFileLoader\autogenerated\bullet.h">
			<Filter>Extras\Serialize\BulletFileLoader\autogenerated</Filter>
		</ClInclude>
	</ItemGroup>
	<ItemGroup>
		<ClCompile Include="..\..\Extras\Serialize\BulletFileLoader\bChunk.cpp">
			<Filter>Extras\Serialize\BulletFileLoader</Filter>
		</ClCompile>
		<ClCompile Include="..\..\Extras\Serialize\BulletFileLoader\bDNA.cpp">
			<Filter>Extras\Serialize\BulletFileLoader</Filter>
		</ClCompile>
		<ClCompile Include="..\..\Extras\Serialize\BulletFileLoader\bFile.cpp">
			<Filter>Extras\Serialize\BulletFileLoader</Filter>
		</ClCompile>
		<ClCompile Include="..\..\Extras\Serialize\BulletFileLoader\btBulletFile.cpp">
			<Filter>Extras\Serialize\BulletFileLoader</Filter>
		</ClCompile>
	</ItemGroup>
</Project>
